
Microsoft Visual Studio Solution File, Format Version 12.00
# Visual Studio Version 16
VisualStudioVersion = 16.0.31112.23
MinimumVisualStudioVersion = 10.0.40219.1
Project("{FAE04EC0-301F-11D3-BF4B-00C04F79EFBC}") = "CICD_uppgift_1", "CICD_uppgift_1\CICD_uppgift_1.csproj", "{29F4DC76-5543-42D1-AB6B-F293E46EC1BD}"
EndProject
Project("{FAE04EC0-301F-11D3-BF4B-00C04F79EFBC}") = "CICD_uppgift_1Tests", "CICD_uppgift_1Tests\CICD_uppgift_1Tests.csproj", "{964152FF-DBFC-4028-B284-0CAA602E7795}"
EndProject
Global
	GlobalSection(SolutionConfigurationPlatforms) = preSolution
		Debug|Any CPU = Debug|Any CPU
		Release|Any CPU = Release|Any CPU
	EndGlobalSection
	GlobalSection(ProjectConfigurationPlatforms) = postSolution
		{29F4DC76-5543-42D1-AB6B-F293E46EC1BD}.Debug|Any CPU.ActiveCfg = Debug|Any CPU
		{29F4DC76-5543-42D1-AB6B-F293E46EC1BD}.Debug|Any CPU.Build.0 = Debug|Any CPU
		{29F4DC76-5543-42D1-AB6B-F293E46EC1BD}.Release|Any CPU.ActiveCfg = Release|Any CPU
		{29F4DC76-5543-42D1-AB6B-F293E46EC1BD}.Release|Any CPU.Build.0 = Release|Any CPU
		{964152FF-DBFC-4028-B284-0CAA602E7795}.Debug|Any CPU.ActiveCfg = Debug|Any CPU
		{964152FF-DBFC-4028-B284-0CAA602E7795}.Debug|Any CPU.Build.0 = Debug|Any CPU
		{964152FF-DBFC-4028-B284-0CAA602E7795}.Release|Any CPU.ActiveCfg = Release|Any CPU
		{964152FF-DBFC-4028-B284-0CAA602E7795}.Release|Any CPU.Build.0 = Release|Any CPU
	EndGlobalSection
	GlobalSection(SolutionProperties) = preSolution
		HideSolutionNode = FALSE
	EndGlobalSection
	GlobalSection(ExtensibilityGlobals) = postSolution
		SolutionGuid = {231A01CD-E5E4-45AD-BCBC-D14F35AFCFCD}
	EndGlobalSection
EndGlobal
